{
  "name": "new-ajs",
  "version": "1.0.0",
  "lockfileVersion": 3,
  "requires": true,
  "packages": {
    "": {
      "name": "new-ajs",
      "version": "1.0.0",
      "license": "ISC",
      "dependencies": {
        "@gegamgrigoryan/ajs": "^2.0.0"
      }
    },
    "node_modules/@gegamgrigoryan/ajs": {
      "version": "2.0.0",
      "resolved": "https://npm.pkg.github.com/download/@gegamgrigoryan/ajs/2.0.0/e81e2d4767ba9a82679a2f77150078eab6999cf8",
      "integrity": "sha512-65P2/WYWhgyKpltMcRUc+4zOMfHJQF+mtkNovMiLGFe1zrzgC06fZiQiYXaKiZ/vCL9A4uCL+vwISSgO3kLWAg==",
      "license": "ISC"
    }
  }
}
